{
  "name": "simple-hello-test",
  "version": "0.1.0",
  "lockfileVersion": 2,
  "requires": true,
  "packages": {
    "": {
      "name": "simple-hello-test",
      "version": "0.1.0",
      "license": "MIT",
      "dependencies": {
        "lodash.set": "latest",
        "nodehttpserver": "git+https://github.com/deandevl/NodeHttpServer.git"
      }
    },
    "node_modules/lodash.set": {
      "version": "4.3.2",
      "resolved": "https://registry.npmjs.org/lodash.set/-/lodash.set-4.3.2.tgz",
      "integrity": "sha1-2HV7HagH3eJIFrDWqEvqGnYjCyM="
    },
    "node_modules/nodehttpserver": {
      "version": "0.1.0",
      "resolved": "git+ssh://git@github.com/deandevl/NodeHttpServer.git#b5d3cd9c18901982023f84724c5f6966764e206b",
      "license": "MIT",
      "dependencies": {
        "lodash.set": "latest"
      }
    }
  },
  "dependencies": {
    "lodash.set": {
      "version": "4.3.2",
      "resolved": "https://registry.npmjs.org/lodash.set/-/lodash.set-4.3.2.tgz",
      "integrity": "sha1-2HV7HagH3eJIFrDWqEvqGnYjCyM="
    },
    "nodehttpserver": {
      "version": "git+ssh://git@github.com/deandevl/NodeHttpServer.git#b5d3cd9c18901982023f84724c5f6966764e206b",
      "from": "nodehttpserver@git+https://github.com/deandevl/NodeHttpServer.git",
      "requires": {
        "lodash.set": "latest"
      }
    }
  }
}
